lockfileVersion: '9.0'

settings:
  autoInstallPeers: true
  excludeLinksFromLockfile: false

importers:

  .:
    devDependencies:
      nano-staged:
        specifier: ^1.0.2
        version: 1.0.2
      prettier:
        specifier: ^3.8.3
        version: 3.8.3
      prettier-plugin-embed:
        specifier: ^0.5.1
        version: 0.5.1
      simple-git-hooks:
        specifier: ^2.13.1
        version: 2.13.1

packages:

  '@types/estree@1.0.8':
    resolution: {integrity: sha512-dWHzHa2WqEXI/O1E9OjrocMTKJl2mSrEolh1Iomrv6U+JuNwaHXsXx9bLu5gG7BUWFIN0skIQJQ/L1rIex4X6w==}

  dedent@1.7.2:
    resolution: {integrity: sha512-WzMx3mW98SN+zn3hgemf4OzdmyNhhhKz5Ay0pUfQiMQ3e1g+xmTJWp/pKdwKVXhdSkAEGIIzqeuWrL3mV/AXbA==}
    peerDependencies:
      babel-plugin-macros: ^3.1.0
    peerDependenciesMeta:
      babel-plugin-macros:
        optional: true

  fast-equals@5.4.0:
    resolution: {integrity: sha512-jt2DW/aNFNwke7AUd+Z+e6pz39KO5rzdbbFCg2sGafS4mk13MI7Z8O5z9cADNn5lhGODIgLwug6TZO2ctf7kcw==}
    engines: {node: '>=6.0.0'}

  fast-stringify@4.0.0:
    resolution: {integrity: sha512-lE2DIivBaLysf6hK5WH/VfMgqRbvBVHcpGVVTmA5Zi8oWIjq9YxIt6lYGdUgP1HNSXxTIat7HEIDnrSvXSeKQw==}

  find-up-simple@1.0.1:
    resolution: {integrity: sha512-afd4O7zpqHeRyg4PfDQsXmlDe2PfdHtJt6Akt8jOWaApLOZk5JXs6VMR29lz03pRe9mpykrRCYIYxaJYcfpncQ==}
    engines: {node: '>=18'}

  micro-memoize@5.1.1:
    resolution: {integrity: sha512-QDwluos8YeMijiKxZGwaV4f4tzj0soS6+xcsJhJ3+4wdEIHMyKbIKVUziebOgWX3e6yiijdoaHo+9tyhbnaWXA==}

  nano-staged@1.0.2:
    resolution: {integrity: sha512-Fytar3zHLY99nlMfqPPbraxZodqQAHPpdPRyYaplL+lB9DCR6pUrafxbG+Btz4+7fO5Rm/+DO4ZeDO/nLSUMhw==}
    engines: {node: ^22 || >= 24}
    hasBin: true

  package-up@5.0.0:
    resolution: {integrity: sha512-MQEgDUvXCa3sGvqHg3pzHO8e9gqTCMPVrWUko3vPQGntwegmFo52mZb2abIVTjFnUcW0BcPz0D93jV5Cas1DWA==}
    engines: {node: '>=18'}

  prettier-plugin-embed@0.5.1:
    resolution: {integrity: sha512-2Ege8gIlLNTvHElUeU5XcFsD7/dbDXkQA6H9TczHSJAGxB58nNjjifk/dlRMS5E29eqQx/z+ToA4ZVMWzjME/A==}

  prettier@3.8.3:
    resolution: {integrity: sha512-7igPTM53cGHMW8xWuVTydi2KO233VFiTNyF5hLJqpilHfmn8C8gPf+PS7dUT64YcXFbiMGZxS9pCSxL/Dxm/Jw==}
    engines: {node: '>=14'}
    hasBin: true

  simple-git-hooks@2.13.1:
    resolution: {integrity: sha512-WszCLXwT4h2k1ufIXAgsbiTOazqqevFCIncOuUBZJ91DdvWcC5+OFkluWRQPrcuSYd8fjq+o2y1QfWqYMoAToQ==}
    hasBin: true

  tagged-tag@1.0.0:
    resolution: {integrity: sha512-yEFYrVhod+hdNyx7g5Bnkkb0G6si8HJurOoOEgC8B/O0uXLHlaey/65KRv6cuWBNhBgHKAROVpc7QyYqE5gFng==}
    engines: {node: '>=20'}

  tiny-jsonc@1.0.2:
    resolution: {integrity: sha512-f5QDAfLq6zIVSyCZQZhhyl0QS6MvAyTxgz4X4x3+EoCktNWEYJ6PeoEA97fyb98njpBNNi88ybpD7m+BDFXaCw==}

  type-fest@5.5.0:
    resolution: {integrity: sha512-PlBfpQwiUvGViBNX84Yxwjsdhd1TUlXr6zjX7eoirtCPIr08NAmxwa+fcYBTeRQxHo9YC9wwF3m9i700sHma8g==}
    engines: {node: '>=20'}

snapshots:

  '@types/estree@1.0.8': {}

  dedent@1.7.2: {}

  fast-equals@5.4.0: {}

  fast-stringify@4.0.0: {}

  find-up-simple@1.0.1: {}

  micro-memoize@5.1.1:
    dependencies:
      fast-equals: 5.4.0
      fast-stringify: 4.0.0

  nano-staged@1.0.2: {}

  package-up@5.0.0:
    dependencies:
      find-up-simple: 1.0.1

  prettier-plugin-embed@0.5.1:
    dependencies:
      '@types/estree': 1.0.8
      dedent: 1.7.2
      micro-memoize: 5.1.1
      package-up: 5.0.0
      tiny-jsonc: 1.0.2
      type-fest: 5.5.0
    transitivePeerDependencies:
      - babel-plugin-macros

  prettier@3.8.3: {}

  simple-git-hooks@2.13.1: {}

  tagged-tag@1.0.0: {}

  tiny-jsonc@1.0.2: {}

  type-fest@5.5.0:
    dependencies:
      tagged-tag: 1.0.0
